
Microsoft Visual Studio Solution File, Format Version 12.00
# Visual Studio Version 17
VisualStudioVersion = 17.6.33723.286
MinimumVisualStudioVersion = 10.0.40219.1
Project("{9A19103F-16F7-4668-BE54-9A1E7A4F7556}") = "WebApplication7000", "WebApplication7000.csproj", "{B53D3B0D-54F5-4C7B-97CE-4745897B8084}"
EndProject
Global
	GlobalSection(SolutionConfigurationPlatforms) = preSolution
		Debug|Any CPU = Debug|Any CPU
		Release|Any CPU = Release|Any CPU
	EndGlobalSection
	GlobalSection(ProjectConfigurationPlatforms) = postSolution
		{B53D3B0D-54F5-4C7B-97CE-4745897B8084}.Debug|Any CPU.ActiveCfg = Debug|Any CPU
		{B53D3B0D-54F5-4C7B-97CE-4745897B8084}.Debug|Any CPU.Build.0 = Debug|Any CPU
		{B53D3B0D-54F5-4C7B-97CE-4745897B8084}.Release|Any CPU.ActiveCfg = Release|Any CPU
		{B53D3B0D-54F5-4C7B-97CE-4745897B8084}.Release|Any CPU.Build.0 = Release|Any CPU
	EndGlobalSection
	GlobalSection(SolutionProperties) = preSolution
		HideSolutionNode = FALSE
	EndGlobalSection
	GlobalSection(ExtensibilityGlobals) = postSolution
		SolutionGuid = {2815420F-0856-4574-AEFF-98CB68D38B7D}
	EndGlobalSection
EndGlobal
